
Microsoft Visual Studio Solution File, Format Version 12.00
# Visual Studio Version 17
VisualStudioVersion = 17.3.32929.385
MinimumVisualStudioVersion = 10.0.40219.1
Project("{8BC9CEB8-8B4A-11D0-8D11-00A0C91BC942}") = "GameEngine", "GameEngine\GameEngine.vcxproj", "{3CD70E22-C75F-4E47-8C51-1C6008F2CBC2}"
EndProject
Global
	GlobalSection(SolutionConfigurationPlatforms) = preSolution
		Debug|x64 = Debug|x64
		Debug|x86 = Debug|x86
		Release|x64 = Release|x64
		Release|x86 = Release|x86
	EndGlobalSection
	GlobalSection(ProjectConfigurationPlatforms) = postSolution
		{3CD70E22-C75F-4E47-8C51-1C6008F2CBC2}.Debug|x64.ActiveCfg = Debug|x64
		{3CD70E22-C75F-4E47-8C51-1C6008F2CBC2}.Debug|x64.Build.0 = Debug|x64
		{3CD70E22-C75F-4E47-8C51-1C6008F2CBC2}.Debug|x86.ActiveCfg = Debug|Win32
		{3CD70E22-C75F-4E47-8C51-1C6008F2CBC2}.Debug|x86.Build.0 = Debug|Win32
		{3CD70E22-C75F-4E47-8C51-1C6008F2CBC2}.Release|x64.ActiveCfg = Release|x64
		{3CD70E22-C75F-4E47-8C51-1C6008F2CBC2}.Release|x64.Build.0 = Release|x64
		{3CD70E22-C75F-4E47-8C51-1C6008F2CBC2}.Release|x86.ActiveCfg = Release|Win32
		{3CD70E22-C75F-4E47-8C51-1C6008F2CBC2}.Release|x86.Build.0 = Release|Win32
	EndGlobalSection
	GlobalSection(SolutionProperties) = preSolution
		HideSolutionNode = FALSE
	EndGlobalSection
	GlobalSection(ExtensibilityGlobals) = postSolution
		SolutionGuid = {A1CFD3A7-BE6E-4821-B068-6EFE49E0316D}
	EndGlobalSection
EndGlobal
